
Microsoft Visual Studio Solution File, Format Version 12.00
# Visual Studio Version 18
VisualStudioVersion = 18.8.12023.21 stable
MinimumVisualStudioVersion = 10.0.40219.1
Project("{8BC9CEB8-8B4A-11D0-8D11-00A0C91BC942}") = "Week2-OsEmulator", "Week2-OsEmulator.vcxproj", "{F51D6CDF-131D-9B88-7C4E-5438E28C7766}"
EndProject
Global
	GlobalSection(SolutionConfigurationPlatforms) = preSolution
		Debug|x64 = Debug|x64
		Debug|x86 = Debug|x86
		Release|x64 = Release|x64
		Release|x86 = Release|x86
	EndGlobalSection
	GlobalSection(ProjectConfigurationPlatforms) = postSolution
		{F51D6CDF-131D-9B88-7C4E-5438E28C7766}.Debug|x64.ActiveCfg = Debug|x64
		{F51D6CDF-131D-9B88-7C4E-5438E28C7766}.Debug|x64.Build.0 = Debug|x64
		{F51D6CDF-131D-9B88-7C4E-5438E28C7766}.Debug|x86.ActiveCfg = Debug|Win32
		{F51D6CDF-131D-9B88-7C4E-5438E28C7766}.Debug|x86.Build.0 = Debug|Win32
		{F51D6CDF-131D-9B88-7C4E-5438E28C7766}.Release|x64.ActiveCfg = Release|x64
		{F51D6CDF-131D-9B88-7C4E-5438E28C7766}.Release|x64.Build.0 = Release|x64
		{F51D6CDF-131D-9B88-7C4E-5438E28C7766}.Release|x86.ActiveCfg = Release|Win32
		{F51D6CDF-131D-9B88-7C4E-5438E28C7766}.Release|x86.Build.0 = Release|Win32
	EndGlobalSection
	GlobalSection(SolutionProperties) = preSolution
		HideSolutionNode = FALSE
	EndGlobalSection
	GlobalSection(ExtensibilityGlobals) = postSolution
		SolutionGuid = {5CF6B6CA-6F2C-48E4-BADD-F64C23724092}
	EndGlobalSection
EndGlobal
